
Microsoft Visual Studio Solution File, Format Version 12.00
# Visual Studio Version 16
VisualStudioVersion = 16.0.30611.23
MinimumVisualStudioVersion = 10.0.40219.1
Project("{FAE04EC0-301F-11D3-BF4B-00C04F79EFBC}") = "northShoppers", "northShoppers\northShoppers.csproj", "{E4A0EC87-9101-4DB4-A700-0B0268CE1F16}"
EndProject
Global
	GlobalSection(SolutionConfigurationPlatforms) = preSolution
		Debug|Any CPU = Debug|Any CPU
		Release|Any CPU = Release|Any CPU
	EndGlobalSection
	GlobalSection(ProjectConfigurationPlatforms) = postSolution
		{E4A0EC87-9101-4DB4-A700-0B0268CE1F16}.Debug|Any CPU.ActiveCfg = Debug|Any CPU
		{E4A0EC87-9101-4DB4-A700-0B0268CE1F16}.Debug|Any CPU.Build.0 = Debug|Any CPU
		{E4A0EC87-9101-4DB4-A700-0B0268CE1F16}.Release|Any CPU.ActiveCfg = Release|Any CPU
		{E4A0EC87-9101-4DB4-A700-0B0268CE1F16}.Release|Any CPU.Build.0 = Release|Any CPU
	EndGlobalSection
	GlobalSection(SolutionProperties) = preSolution
		HideSolutionNode = FALSE
	EndGlobalSection
	GlobalSection(ExtensibilityGlobals) = postSolution
		SolutionGuid = {A4320A00-4EA9-451E-AF6F-86A02A0E650A}
	EndGlobalSection
EndGlobal
